{
  "name": "grow_diary",
  "requires": true,
  "lockfileVersion": 1,
  "dependencies": {
    "codemirror": {
      "version": "5.55.0",
      "resolved": "https://registry.npmjs.org/codemirror/-/codemirror-5.55.0.tgz",
      "integrity": "sha512-TumikSANlwiGkdF/Blnu/rqovZ0Y3Jh8yy9TqrPbSM0xxSucq3RgnpVDQ+mD9q6JERJEIT2FMuF/fBGfkhIR/g=="
    },
    "codemirror-spell-checker": {
      "version": "1.1.2",
      "resolved": "https://registry.npmjs.org/codemirror-spell-checker/-/codemirror-spell-checker-1.1.2.tgz",
      "integrity": "sha1-HGYPkIlIPMtRE7m6nKGcP0mTNx4=",
      "requires": {
        "typo-js": "*"
      }
    },
    "easymde": {
      "version": "2.10.1",
      "resolved": "https://registry.npmjs.org/easymde/-/easymde-2.10.1.tgz",
      "integrity": "sha512-khKYfB18ZYbkJAGEeQXaV2ZZ1QS7BavNj2xdcPGpO8GXi30qA9bVxzswGW8QNZQRmPtaXiQDG236Yv/BQY7P2A==",
      "requires": {
        "codemirror": "^5.52.2",
        "codemirror-spell-checker": "1.1.2",
        "marked": "^0.8.2"
      },
      "dependencies": {
        "marked": {
          "version": "0.8.2",
          "resolved": "https://registry.npmjs.org/marked/-/marked-0.8.2.tgz",
          "integrity": "sha512-EGwzEeCcLniFX51DhTpmTom+dSA/MG/OBUDjnWtHbEnjAH180VzUeAw+oE4+Zv+CoYBWyRlYOTR0N8SO9R1PVw=="
        }
      }
    },
    "typo-js": {
      "version": "1.1.0",
      "resolved": "https://registry.npmjs.org/typo-js/-/typo-js-1.1.0.tgz",
      "integrity": "sha512-W3kLbx+ML9PBl5Bzso/lTvVxk4BCveSNAtQeht59FEtxCdGThmn6wSHA4Xq3eQYAK24NHdisMM4JmsK0GFy/pg=="
    }
  }
}
